
Microsoft Visual Studio Solution File, Format Version 12.00
# Visual Studio 15
VisualStudioVersion = 15.0.27428.2005
MinimumVisualStudioVersion = 10.0.40219.1
Project("{FAE04EC0-301F-11D3-BF4B-00C04F79EFBC}") = "MathsLibrary", "TD5\MathsLibrary\MathsLibrary.csproj", "{A2F606AC-86B5-4D84-9502-86331828054C}"
EndProject
Project("{9A19103F-16F7-4668-BE54-9A1E7A4F7556}") = "ConsoleMath", "ConsoleMath\ConsoleMath.csproj", "{A8A9D19E-5142-46F8-A39A-BB59548CA3AD}"
	ProjectSection(ProjectDependencies) = postProject
		{A2F606AC-86B5-4D84-9502-86331828054C} = {A2F606AC-86B5-4D84-9502-86331828054C}
	EndProjectSection
EndProject
Global
	GlobalSection(SolutionConfigurationPlatforms) = preSolution
		Debug|Any CPU = Debug|Any CPU
		Release|Any CPU = Release|Any CPU
	EndGlobalSection
	GlobalSection(ProjectConfigurationPlatforms) = postSolution
		{A2F606AC-86B5-4D84-9502-86331828054C}.Debug|Any CPU.ActiveCfg = Debug|Any CPU
		{A2F606AC-86B5-4D84-9502-86331828054C}.Debug|Any CPU.Build.0 = Debug|Any CPU
		{A2F606AC-86B5-4D84-9502-86331828054C}.Release|Any CPU.ActiveCfg = Release|Any CPU
		{A2F606AC-86B5-4D84-9502-86331828054C}.Release|Any CPU.Build.0 = Release|Any CPU
		{A8A9D19E-5142-46F8-A39A-BB59548CA3AD}.Debug|Any CPU.ActiveCfg = Debug|Any CPU
		{A8A9D19E-5142-46F8-A39A-BB59548CA3AD}.Debug|Any CPU.Build.0 = Debug|Any CPU
		{A8A9D19E-5142-46F8-A39A-BB59548CA3AD}.Release|Any CPU.ActiveCfg = Release|Any CPU
		{A8A9D19E-5142-46F8-A39A-BB59548CA3AD}.Release|Any CPU.Build.0 = Release|Any CPU
	EndGlobalSection
	GlobalSection(SolutionProperties) = preSolution
		HideSolutionNode = FALSE
	EndGlobalSection
	GlobalSection(ExtensibilityGlobals) = postSolution
		SolutionGuid = {6F53A58B-C33A-49F3-9B34-B08059071F47}
	EndGlobalSection
EndGlobal
